
Microsoft Visual Studio Solution File, Format Version 12.00
# Visual Studio 15
VisualStudioVersion = 15.0.26730.12
MinimumVisualStudioVersion = 10.0.40219.1
Project("{FAE04EC0-301F-11D3-BF4B-00C04F79EFBC}") = "CSharpSection", "CSharpSection\CSharpSection.csproj", "{6A88024F-D0CA-4AC0-ABBD-E7279C2DC090}"
EndProject
Project("{FAE04EC0-301F-11D3-BF4B-00C04F79EFBC}") = "CSharpSection_2", "CSharpSection_2\CSharpSection_2.csproj", "{93BC4120-25AF-408A-BE4C-25A87C6DD174}"
EndProject
Global
	GlobalSection(SolutionConfigurationPlatforms) = preSolution
		Debug|Any CPU = Debug|Any CPU
		Release|Any CPU = Release|Any CPU
	EndGlobalSection
	GlobalSection(ProjectConfigurationPlatforms) = postSolution
		{6A88024F-D0CA-4AC0-ABBD-E7279C2DC090}.Debug|Any CPU.ActiveCfg = Debug|Any CPU
		{6A88024F-D0CA-4AC0-ABBD-E7279C2DC090}.Debug|Any CPU.Build.0 = Debug|Any CPU
		{6A88024F-D0CA-4AC0-ABBD-E7279C2DC090}.Release|Any CPU.ActiveCfg = Release|Any CPU
		{6A88024F-D0CA-4AC0-ABBD-E7279C2DC090}.Release|Any CPU.Build.0 = Release|Any CPU
		{93BC4120-25AF-408A-BE4C-25A87C6DD174}.Debug|Any CPU.ActiveCfg = Debug|Any CPU
		{93BC4120-25AF-408A-BE4C-25A87C6DD174}.Debug|Any CPU.Build.0 = Debug|Any CPU
		{93BC4120-25AF-408A-BE4C-25A87C6DD174}.Release|Any CPU.ActiveCfg = Release|Any CPU
		{93BC4120-25AF-408A-BE4C-25A87C6DD174}.Release|Any CPU.Build.0 = Release|Any CPU
	EndGlobalSection
	GlobalSection(SolutionProperties) = preSolution
		HideSolutionNode = FALSE
	EndGlobalSection
	GlobalSection(ExtensibilityGlobals) = postSolution
		SolutionGuid = {438A118F-5C90-487A-A54D-7BCEE491F86D}
	EndGlobalSection
EndGlobal
